// !$*UTF8*$!
{
	archiveVersion = 1;
	classes = {
	};
	objectVersion = 46;
	objects = {

/* Begin PBXBuildFile section */
		56117F761DAE820700C3B530 /* main.m in Sources */ = {isa = PBXBuildFile; fileRef = 56117F751DAE820700C3B530 /* main.m */; };
		56117F791DAE820700C3B530 /* AppDelegate.m in Sources */ = {isa = PBXBuildFile; fileRef = 56117F781DAE820700C3B530 /* AppDelegate.m */; };
		56117F7C1DAE820700C3B530 /* ViewController.m in Sources */ = {isa = PBXBuildFile; fileRef = 56117F7B1DAE820700C3B530 /* ViewController.m */; };
		56117F7F1DAE820700C3B530 /* Main.storyboard in Resources */ = {isa = PBXBuildFile; fileRef = 56117F7D1DAE820700C3B530 /* Main.storyboard */; };
		56117F811DAE820700C3B530 /* Assets.xcassets in Resources */ = {isa = PBXBuildFile; fileRef = 56117F801DAE820700C3B530 /* Assets.xcassets */; };
		56117F841DAE820700C3B530 /* LaunchScreen.storyboard in Resources */ = {isa = PBXBuildFile; fileRef = 56117F821DAE820700C3B530 /* LaunchScreen.storyboard */; };
		56117F931DAE821700C3B530 /* LSDBasePickerView.m in Sources */ = {isa = PBXBuildFile; fileRef = 56117F8E1DAE821700C3B530 /* LSDBasePickerView.m */; };
		56117F941DAE821700C3B530 /* LSDPickerButton.m in Sources */ = {isa = PBXBuildFile; fileRef = 56117F901DAE821700C3B530 /* LSDPickerButton.m */; };
		56117F951DAE821700C3B530 /* LSDPickerContainView.m in Sources */ = {isa = PBXBuildFile; fileRef = 56117F921DAE821700C3B530 /* LSDPickerContainView.m */; };
		56117F9B1DAE822800C3B530 /* LSDBirthdayPickerView.m in Sources */ = {isa = PBXBuildFile; fileRef = 56117F981DAE822800C3B530 /* LSDBirthdayPickerView.m */; };
		56117F9C1DAE822800C3B530 /* LSDTimePickerView.m in Sources */ = {isa = PBXBuildFile; fileRef = 56117F9A1DAE822800C3B530 /* LSDTimePickerView.m */; };
		56117FB71DAE829300C3B530 /* MASCompositeConstraint.m in Sources */ = {isa = PBXBuildFile; fileRef = 56117F9F1DAE829300C3B530 /* MASCompositeConstraint.m */; };
		56117FB81DAE829300C3B530 /* MASConstraint.m in Sources */ = {isa = PBXBuildFile; fileRef = 56117FA21DAE829300C3B530 /* MASConstraint.m */; };
		56117FB91DAE829300C3B530 /* MASConstraintMaker.m in Sources */ = {isa = PBXBuildFile; fileRef = 56117FA41DAE829300C3B530 /* MASConstraintMaker.m */; };
		56117FBA1DAE829300C3B530 /* MASLayoutConstraint.m in Sources */ = {isa = PBXBuildFile; fileRef = 56117FA61DAE829300C3B530 /* MASLayoutConstraint.m */; };
		56117FBB1DAE829300C3B530 /* MASViewAttribute.m in Sources */ = {isa = PBXBuildFile; fileRef = 56117FAA1DAE829300C3B530 /* MASViewAttribute.m */; };
		56117FBC1DAE829300C3B530 /* MASViewConstraint.m in Sources */ = {isa = PBXBuildFile; fileRef = 56117FAC1DAE829300C3B530 /* MASViewConstraint.m */; };
		56117FBD1DAE829300C3B530 /* NSArray+MASAdditions.m in Sources */ = {isa = PBXBuildFile; fileRef = 56117FAE1DAE829300C3B530 /* NSArray+MASAdditions.m */; };
		56117FBE1DAE829300C3B530 /* NSLayoutConstraint+MASDebugAdditions.m in Sources */ = {isa = PBXBuildFile; fileRef = 56117FB11DAE829300C3B530 /* NSLayoutConstraint+MASDebugAdditions.m */; };
		56117FBF1DAE829300C3B530 /* View+MASAdditions.m in Sources */ = {isa = PBXBuildFile; fileRef = 56117FB31DAE829300C3B530 /* View+MASAdditions.m */; };
		56117FC01DAE829300C3B530 /* ViewController+MASAdditions.m in Sources */ = {isa = PBXBuildFile; fileRef = 56117FB61DAE829300C3B530 /* ViewController+MASAdditions.m */; };
/* End PBXBuildFile section */

/* Begin PBXFileReference section */
		56117F711DAE820700C3B530 /* SSPickerViewDemo.app */ = {isa = PBXFileReference; explicitFileType = wrapper.application; includeInIndex = 0; path = SSPickerViewDemo.app; sourceTree = BUILT_PRODUCTS_DIR; };
		56117F751DAE820700C3B530 /* main.m */ = {isa = PBXFileReference; lastKnownFileType = sourcecode.c.objc; path = main.m; sourceTree = "<group>"; };
		56117F771DAE820700C3B530 /* AppDelegate.h */ = {isa = PBXFileReference; lastKnownFileType = sourcecode.c.h; path = AppDelegate.h; sourceTree = "<group>"; };
		56117F781DAE820700C3B530 /* AppDelegate.m */ = {isa = PBXFileReference; lastKnownFileType = sourcecode.c.objc; path = AppDelegate.m; sourceTree = "<group>"; };
		56117F7A1DAE820700C3B530 /* ViewController.h */ = {isa = PBXFileReference; lastKnownFileType = sourcecode.c.h; path = ViewController.h; sourceTree = "<group>"; };
		56117F7B1DAE820700C3B530 /* ViewController.m */ = {isa = PBXFileReference; lastKnownFileType = sourcecode.c.objc; path = ViewController.m; sourceTree = "<group>"; };
		56117F7E1DAE820700C3B530 /* Base */ = {isa = PBXFileReference; lastKnownFileType = file.storyboard; name = Base; path = Base.lproj/Main.storyboard; sourceTree = "<group>"; };
		56117F801DAE820700C3B530 /* Assets.xcassets */ = {isa = PBXFileReference; lastKnownFileType = folder.assetcatalog; path = Assets.xcassets; sourceTree = "<group>"; };
		56117F831DAE820700C3B530 /* Base */ = {isa = PBXFileReference; lastKnownFileType = file.storyboard; name = Base; path = Base.lproj/LaunchScreen.storyboard; sourceTree = "<group>"; };
		56117F851DAE820700C3B530 /* Info.plist */ = {isa = PBXFileReference; lastKnownFileType = text.plist.xml; path = Info.plist; sourceTree = "<group>"; };
		56117F8C1DAE821700C3B530 /* LMPickerViewMasco.h */ = {isa = PBXFileReference; fileEncoding = 4; lastKnownFileType = sourcecode.c.h; path = LMPickerViewMasco.h; sourceTree = "<group>"; };
		56117F8D1DAE821700C3B530 /* LSDBasePickerView.h */ = {isa = PBXFileReference; fileEncoding = 4; lastKnownFileType = sourcecode.c.h; path = LSDBasePickerView.h; sourceTree = "<group>"; };
		56117F8E1DAE821700C3B530 /* LSDBasePickerView.m */ = {isa = PBXFileReference; fileEncoding = 4; lastKnownFileType = sourcecode.c.objc; path = LSDBasePickerView.m; sourceTree = "<group>"; };
		56117F8F1DAE821700C3B530 /* LSDPickerButton.h */ = {isa = PBXFileReference; fileEncoding = 4; lastKnownFileType = sourcecode.c.h; path = LSDPickerButton.h; sourceTree = "<group>"; };
		56117F901DAE821700C3B530 /* LSDPickerButton.m */ = {isa = PBXFileReference; fileEncoding = 4; lastKnownFileType = sourcecode.c.objc; path = LSDPickerButton.m; sourceTree = "<group>"; };
		56117F911DAE821700C3B530 /* LSDPickerContainView.h */ = {isa = PBXFileReference; fileEncoding = 4; lastKnownFileType = sourcecode.c.h; path = LSDPickerContainView.h; sourceTree = "<group>"; };
		56117F921DAE821700C3B530 /* LSDPickerContainView.m */ = {isa = PBXFileReference; fileEncoding = 4; lastKnownFileType = sourcecode.c.objc; path = LSDPickerContainView.m; sourceTree = "<group>"; };
		56117F971DAE822800C3B530 /* LSDBirthdayPickerView.h */ = {isa = PBXFileReference; fileEncoding = 4; lastKnownFileType = sourcecode.c.h; path = LSDBirthdayPickerView.h; sourceTree = "<group>"; };
		56117F981DAE822800C3B530 /* LSDBirthdayPickerView.m */ = {isa = PBXFileReference; fileEncoding = 4; lastKnownFileType = sourcecode.c.objc; path = LSDBirthdayPickerView.m; sourceTree = "<group>"; };
		56117F991DAE822800C3B530 /* LSDTimePickerView.h */ = {isa = PBXFileReference; fileEncoding = 4; lastKnownFileType = sourcecode.c.h; path = LSDTimePickerView.h; sourceTree = "<group>"; };
		56117F9A1DAE822800C3B530 /* LSDTimePickerView.m */ = {isa = PBXFileReference; fileEncoding = 4; lastKnownFileType = sourcecode.c.objc; path = LSDTimePickerView.m; sourceTree = "<group>"; };
		56117F9E1DAE829300C3B530 /* MASCompositeConstraint.h */ = {isa = PBXFileReference; fileEncoding = 4; lastKnownFileType = sourcecode.c.h; path = MASCompositeConstraint.h; sourceTree = "<group>"; };
		56117F9F1DAE829300C3B530 /* MASCompositeConstraint.m */ = {isa = PBXFileReference; fileEncoding = 4; lastKnownFileType = sourcecode.c.objc; path = MASCompositeConstraint.m; sourceTree = "<group>"; };
		56117FA01DAE829300C3B530 /* MASConstraint+Private.h */ = {isa = PBXFileReference; fileEncoding = 4; lastKnownFileType = sourcecode.c.h; path = "MASConstraint+Private.h"; sourceTree = "<group>"; };
		56117FA11DAE829300C3B530 /* MASConstraint.h */ = {isa = PBXFileReference; fileEncoding = 4; lastKnownFileType = sourcecode.c.h; path = MASConstraint.h; sourceTree = "<group>"; };
		56117FA21DAE829300C3B530 /* MASConstraint.m */ = {isa = PBXFileReference; fileEncoding = 4; lastKnownFileType = sourcecode.c.objc; path = MASConstraint.m; sourceTree = "<group>"; };
		56117FA31DAE829300C3B530 /* MASConstraintMaker.h */ = {isa = PBXFileReference; fileEncoding = 4; lastKnownFileType = sourcecode.c.h; path = MASConstraintMaker.h; sourceTree = "<group>"; };
		56117FA41DAE829300C3B530 /* MASConstraintMaker.m */ = {isa = PBXFileReference; fileEncoding = 4; lastKnownFileType = sourcecode.c.objc; path = MASConstraintMaker.m; sourceTree = "<group>"; };
		56117FA51DAE829300C3B530 /* MASLayoutConstraint.h */ = {isa = PBXFileReference; fileEncoding = 4; lastKnownFileType = sourcecode.c.h; path = MASLayoutConstraint.h; sourceTree = "<group>"; };
		56117FA61DAE829300C3B530 /* MASLayoutConstraint.m */ = {isa = PBXFileReference; fileEncoding = 4; lastKnownFileType = sourcecode.c.objc; path = MASLayoutConstraint.m; sourceTree = "<group>"; };
		56117FA71DAE829300C3B530 /* Masonry.h */ = {isa = PBXFileReference; fileEncoding = 4; lastKnownFileType = sourcecode.c.h; path = Masonry.h; sourceTree = "<group>"; };
		56117FA81DAE829300C3B530 /* MASUtilities.h */ = {isa = PBXFileReference; fileEncoding = 4; lastKnownFileType = sourcecode.c.h; path = MASUtilities.h; sourceTree = "<group>"; };
		56117FA91DAE829300C3B530 /* MASViewAttribute.h */ = {isa = PBXFileReference; fileEncoding = 4; lastKnownFileType = sourcecode.c.h; path = MASViewAttribute.h; sourceTree = "<group>"; };
		56117FAA1DAE829300C3B530 /* MASViewAttribute.m */ = {isa = PBXFileReference; fileEncoding = 4; lastKnownFileType = sourcecode.c.objc; path = MASViewAttribute.m; sourceTree = "<group>"; };
		56117FAB1DAE829300C3B530 /* MASViewConstraint.h */ = {isa = PBXFileReference; fileEncoding = 4; lastKnownFileType = sourcecode.c.h; path = MASViewConstraint.h; sourceTree = "<group>"; };
		56117FAC1DAE829300C3B530 /* MASViewConstraint.m */ = {isa = PBXFileReference; fileEncoding = 4; lastKnownFileType = sourcecode.c.objc; path = MASViewConstraint.m; sourceTree = "<group>"; };
		56117FAD1DAE829300C3B530 /* NSArray+MASAdditions.h */ = {isa = PBXFileReference; fileEncoding = 4; lastKnownFileType = sourcecode.c.h; path = "NSArray+MASAdditions.h"; sourceTree = "<group>"; };
		56117FAE1DAE829300C3B530 /* NSArray+MASAdditions.m */ = {isa = PBXFileReference; fileEncoding = 4; lastKnownFileType = sourcecode.c.objc; path = "NSArray+MASAdditions.m"; sourceTree = "<group>"; };
		56117FAF1DAE829300C3B530 /* NSArray+MASShorthandAdditions.h */ = {isa = PBXFileReference; fileEncoding = 4; lastKnownFileType = sourcecode.c.h; path = "NSArray+MASShorthandAdditions.h"; sourceTree = "<group>"; };
		56117FB01DAE829300C3B530 /* NSLayoutConstraint+MASDebugAdditions.h */ = {isa = PBXFileReference; fileEncoding = 4; lastKnownFileType = sourcecode.c.h; path = "NSLayoutConstraint+MASDebugAdditions.h"; sourceTree = "<group>"; };
		56117FB11DAE829300C3B530 /* NSLayoutConstraint+MASDebugAdditions.m */ = {isa = PBXFileReference; fileEncoding = 4; lastKnownFileType = sourcecode.c.objc; path = "NSLayoutConstraint+MASDebugAdditions.m"; sourceTree = "<group>"; };
		56117FB21DAE829300C3B530 /* View+MASAdditions.h */ = {isa = PBXFileReference; fileEncoding = 4; lastKnownFileType = sourcecode.c.h; path = "View+MASAdditions.h"; sourceTree = "<group>"; };
		56117FB31DAE829300C3B530 /* View+MASAdditions.m */ = {isa = PBXFileReference; fileEncoding = 4; lastKnownFileType = sourcecode.c.objc; path = "View+MASAdditions.m"; sourceTree = "<group>"; };
		56117FB41DAE829300C3B530 /* View+MASShorthandAdditions.h */ = {isa = PBXFileReference; fileEncoding = 4; lastKnownFileType = sourcecode.c.h; path = "View+MASShorthandAdditions.h"; sourceTree = "<group>"; };
		56117FB51DAE829300C3B530 /* ViewController+MASAdditions.h */ = {isa = PBXFileReference; fileEncoding = 4; lastKnownFileType = sourcecode.c.h; path = "ViewController+MASAdditions.h"; sourceTree = "<group>"; };
		56117FB61DAE829300C3B530 /* ViewController+MASAdditions.m */ = {isa = PBXFileReference; fileEncoding = 4; lastKnownFileType = sourcecode.c.objc; path = "ViewController+MASAdditions.m"; sourceTree = "<group>"; };
/* End PBXFileReference section */

/* Begin PBXFrameworksBuildPhase section */
		56117F6E1DAE820700C3B530 /* Frameworks */ = {
			isa = PBXFrameworksBuildPhase;
			buildActionMask = 2147483647;
			files = (
			);
			runOnlyForDeploymentPostprocessing = 0;
		};
/* End PBXFrameworksBuildPhase section */

/* Begin PBXGroup section */
		56117F681DAE820700C3B530 = {
			isa = PBXGroup;
			children = (
				56117F8B1DAE821700C3B530 /* SSPickerView */,
				56117F731DAE820700C3B530 /* SSPickerViewDemo */,
				56117F721DAE820700C3B530 /* Products */,
			);
			sourceTree = "<group>";
		};
		56117F721DAE820700C3B530 /* Products */ = {
			isa = PBXGroup;
			children = (
				56117F711DAE820700C3B530 /* SSPickerViewDemo.app */,
			);
			name = Products;
			sourceTree = "<group>";
		};
		56117F731DAE820700C3B530 /* SSPickerViewDemo */ = {
			isa = PBXGroup;
			children = (
				56117F9D1DAE829300C3B530 /* Masonry */,
				56117F961DAE822800C3B530 /* DatePicker */,
				56117F771DAE820700C3B530 /* AppDelegate.h */,
				56117F781DAE820700C3B530 /* AppDelegate.m */,
				56117F7A1DAE820700C3B530 /* ViewController.h */,
				56117F7B1DAE820700C3B530 /* ViewController.m */,
				56117F7D1DAE820700C3B530 /* Main.storyboard */,
				56117F801DAE820700C3B530 /* Assets.xcassets */,
				56117F821DAE820700C3B530 /* LaunchScreen.storyboard */,
				56117F851DAE820700C3B530 /* Info.plist */,
				56117F741DAE820700C3B530 /* Supporting Files */,
			);
			path = SSPickerViewDemo;
			sourceTree = "<group>";
		};
		56117F741DAE820700C3B530 /* Supporting Files */ = {
			isa = PBXGroup;
			children = (
				56117F751DAE820700C3B530 /* main.m */,
			);
			name = "Supporting Files";
			sourceTree = "<group>";
		};
		56117F8B1DAE821700C3B530 /* SSPickerView */ = {
			isa = PBXGroup;
			children = (
				56117F8C1DAE821700C3B530 /* LMPickerViewMasco.h */,
				56117F8D1DAE821700C3B530 /* LSDBasePickerView.h */,
				56117F8E1DAE821700C3B530 /* LSDBasePickerView.m */,
				56117F8F1DAE821700C3B530 /* LSDPickerButton.h */,
				56117F901DAE821700C3B530 /* LSDPickerButton.m */,
				56117F911DAE821700C3B530 /* LSDPickerContainView.h */,
				56117F921DAE821700C3B530 /* LSDPickerContainView.m */,
			);
			path = SSPickerView;
			sourceTree = "<group>";
		};
		56117F961DAE822800C3B530 /* DatePicker */ = {
			isa = PBXGroup;
			children = (
				56117F971DAE822800C3B530 /* LSDBirthdayPickerView.h */,
				56117F981DAE822800C3B530 /* LSDBirthdayPickerView.m */,
				56117F991DAE822800C3B530 /* LSDTimePickerView.h */,
				56117F9A1DAE822800C3B530 /* LSDTimePickerView.m */,
			);
			path = DatePicker;
			sourceTree = "<group>";
		};
		56117F9D1DAE829300C3B530 /* Masonry */ = {
			isa = PBXGroup;
			children = (
				56117F9E1DAE829300C3B530 /* MASCompositeConstraint.h */,
				56117F9F1DAE829300C3B530 /* MASCompositeConstraint.m */,
				56117FA01DAE829300C3B530 /* MASConstraint+Private.h */,
				56117FA11DAE829300C3B530 /* MASConstraint.h */,
				56117FA21DAE829300C3B530 /* MASConstraint.m */,
				56117FA31DAE829300C3B530 /* MASConstraintMaker.h */,
				56117FA41DAE829300C3B530 /* MASConstraintMaker.m */,
				56117FA51DAE829300C3B530 /* MASLayoutConstraint.h */,
				56117FA61DAE829300C3B530 /* MASLayoutConstraint.m */,
				56117FA71DAE829300C3B530 /* Masonry.h */,
				56117FA81DAE829300C3B530 /* MASUtilities.h */,
				56117FA91DAE829300C3B530 /* MASViewAttribute.h */,
				56117FAA1DAE829300C3B530 /* MASViewAttribute.m */,
				56117FAB1DAE829300C3B530 /* MASViewConstraint.h */,
				56117FAC1DAE829300C3B530 /* MASViewConstraint.m */,
				56117FAD1DAE829300C3B530 /* NSArray+MASAdditions.h */,
				56117FAE1DAE829300C3B530 /* NSArray+MASAdditions.m */,
				56117FAF1DAE829300C3B530 /* NSArray+MASShorthandAdditions.h */,
				56117FB01DAE829300C3B530 /* NSLayoutConstraint+MASDebugAdditions.h */,
				56117FB11DAE829300C3B530 /* NSLayoutConstraint+MASDebugAdditions.m */,
				56117FB21DAE829300C3B530 /* View+MASAdditions.h */,
				56117FB31DAE829300C3B530 /* View+MASAdditions.m */,
				56117FB41DAE829300C3B530 /* View+MASShorthandAdditions.h */,
				56117FB51DAE829300C3B530 /* ViewController+MASAdditions.h */,
				56117FB61DAE829300C3B530 /* ViewController+MASAdditions.m */,
			);
			path = Masonry;
			sourceTree = "<group>";
		};
/* End PBXGroup section */

/* Begin PBXNativeTarget section */
		56117F701DAE820700C3B530 /* SSPickerViewDemo */ = {
			isa = PBXNativeTarget;
			buildConfigurationList = 56117F881DAE820700C3B530 /* Build configuration list for PBXNativeTarget "SSPickerViewDemo" */;
			buildPhases = (
				56117F6D1DAE820700C3B530 /* Sources */,
				56117F6E1DAE820700C3B530 /* Frameworks */,
				56117F6F1DAE820700C3B530 /* Resources */,
			);
			buildRules = (
			);
			dependencies = (
			);
			name = SSPickerViewDemo;
			productName = SSPickerViewDemo;
			productReference = 56117F711DAE820700C3B530 /* SSPickerViewDemo.app */;
			productType = "com.apple.product-type.application";
		};
/* End PBXNativeTarget section */

/* Begin PBXProject section */
		56117F691DAE820700C3B530 /* Project object */ = {
			isa = PBXProject;
			attributes = {
				LastUpgradeCheck = 0800;
				ORGANIZATIONNAME = sillker;
				TargetAttributes = {
					56117F701DAE820700C3B530 = {
						CreatedOnToolsVersion = 8.0;
						ProvisioningStyle = Automatic;
					};
				};
			};
			buildConfigurationList = 56117F6C1DAE820700C3B530 /* Build configuration list for PBXProject "SSPickerViewDemo" */;
			compatibilityVersion = "Xcode 3.2";
			developmentRegion = English;
			hasScannedForEncodings = 0;
			knownRegions = (
				en,
				Base,
			);
			mainGroup = 56117F681DAE820700C3B530;
			productRefGroup = 56117F721DAE820700C3B530 /* Products */;
			projectDirPath = "";
			projectRoot = "";
			targets = (
				56117F701DAE820700C3B530 /* SSPickerViewDemo */,
			);
		};
/* End PBXProject section */

/* Begin PBXResourcesBuildPhase section */
		56117F6F1DAE820700C3B530 /* Resources */ = {
			isa = PBXResourcesBuildPhase;
			buildActionMask = 2147483647;
			files = (
				56117F841DAE820700C3B530 /* LaunchScreen.storyboard in Resources */,
				56117F811DAE820700C3B530 /* Assets.xcassets in Resources */,
				56117F7F1DAE820700C3B530 /* Main.storyboard in Resources */,
			);
			runOnlyForDeploymentPostprocessing = 0;
		};
/* End PBXResourcesBuildPhase section */

/* Begin PBXSourcesBuildPhase section */
		56117F6D1DAE820700C3B530 /* Sources */ = {
			isa = PBXSourcesBuildPhase;
			buildActionMask = 2147483647;
			files = (
				56117F9B1DAE822800C3B530 /* LSDBirthdayPickerView.m in Sources */,
				56117F9C1DAE822800C3B530 /* LSDTimePickerView.m in Sources */,
				56117FBD1DAE829300C3B530 /* NSArray+MASAdditions.m in Sources */,
				56117F941DAE821700C3B530 /* LSDPickerButton.m in Sources */,
				56117F7C1DAE820700C3B530 /* ViewController.m in Sources */,
				56117FBF1DAE829300C3B530 /* View+MASAdditions.m in Sources */,
				56117FBA1DAE829300C3B530 /* MASLayoutConstraint.m in Sources */,
				56117FB81DAE829300C3B530 /* MASConstraint.m in Sources */,
				56117FBE1DAE829300C3B530 /* NSLayoutConstraint+MASDebugAdditions.m in Sources */,
				56117FB71DAE829300C3B530 /* MASCompositeConstraint.m in Sources */,
				56117F931DAE821700C3B530 /* LSDBasePickerView.m in Sources */,
				56117F791DAE820700C3B530 /* AppDelegate.m in Sources */,
				56117F761DAE820700C3B530 /* main.m in Sources */,
				56117FB91DAE829300C3B530 /* MASConstraintMaker.m in Sources */,
				56117FC01DAE829300C3B530 /* ViewController+MASAdditions.m in Sources */,
				56117FBC1DAE829300C3B530 /* MASViewConstraint.m in Sources */,
				56117F951DAE821700C3B530 /* LSDPickerContainView.m in Sources */,
				56117FBB1DAE829300C3B530 /* MASViewAttribute.m in Sources */,
			);
			runOnlyForDeploymentPostprocessing = 0;
		};
/* End PBXSourcesBuildPhase section */

/* Begin PBXVariantGroup section */
		56117F7D1DAE820700C3B530 /* Main.storyboard */ = {
			isa = PBXVariantGroup;
			children = (
				56117F7E1DAE820700C3B530 /* Base */,
			);
			name = Main.storyboard;
			sourceTree = "<group>";
		};
		56117F821DAE820700C3B530 /* LaunchScreen.storyboard */ = {
			isa = PBXVariantGroup;
			children = (
				56117F831DAE820700C3B530 /* Base */,
			);
			name = LaunchScreen.storyboard;
			sourceTree = "<group>";
		};
/* End PBXVariantGroup section */

/* Begin XCBuildConfiguration section */
		56117F861DAE820700C3B530 /* Debug */ = {
			isa = XCBuildConfiguration;
			buildSettings = {
				ALWAYS_SEARCH_USER_PATHS = NO;
				CLANG_ANALYZER_NONNULL = YES;
				CLANG_CXX_LANGUAGE_STANDARD = "gnu++0x";
				CLANG_CXX_LIBRARY = "libc++";
				CLANG_ENABLE_MODULES = YES;
				CLANG_ENABLE_OBJC_ARC = YES;
				CLANG_WARN_BOOL_CONVERSION = YES;
				CLANG_WARN_CONSTANT_CONVERSION = YES;
				CLANG_WARN_DIRECT_OBJC_ISA_USAGE = YES_ERROR;
				CLANG_WARN_DOCUMENTATION_COMMENTS = YES;
				CLANG_WARN_EMPTY_BODY = YES;
				CLANG_WARN_ENUM_CONVERSION = YES;
				CLANG_WARN_INFINITE_RECURSION = YES;
				CLANG_WARN_INT_CONVERSION = YES;
				CLANG_WARN_OBJC_ROOT_CLASS = YES_ERROR;
				CLANG_WARN_SUSPICIOUS_MOVES = YES;
				CLANG_WARN_UNREACHABLE_CODE = YES;
				CLANG_WARN__DUPLICATE_METHOD_MATCH = YES;
				"CODE_SIGN_IDENTITY[sdk=iphoneos*]" = "iPhone Developer";
				COPY_PHASE_STRIP = NO;
				DEBUG_INFORMATION_FORMAT = dwarf;
				ENABLE_STRICT_OBJC_MSGSEND = YES;
				ENABLE_TESTABILITY = YES;
				GCC_C_LANGUAGE_STANDARD = gnu99;
				GCC_DYNAMIC_NO_PIC = NO;
				GCC_NO_COMMON_BLOCKS = YES;
				GCC_OPTIMIZATION_LEVEL = 0;
				GCC_PREPROCESSOR_DEFINITIONS = (
					"DEBUG=1",
					"$(inherited)",
				);
				GCC_WARN_64_TO_32_BIT_CONVERSION = YES;
				GCC_WARN_ABOUT_RETURN_TYPE = YES_ERROR;
				GCC_WARN_UNDECLARED_SELECTOR = YES;
				GCC_WARN_UNINITIALIZED_AUTOS = YES_AGGRESSIVE;
				GCC_WARN_UNUSED_FUNCTION = YES;
				GCC_WARN_UNUSED_VARIABLE = YES;
				IPHONEOS_DEPLOYMENT_TARGET = 10.0;
				MTL_ENABLE_DEBUG_INFO = YES;
				ONLY_ACTIVE_ARCH = YES;
				SDKROOT = iphoneos;
			};
			name = Debug;
		};
		56117F871DAE820700C3B530 /* Release */ = {
			isa = XCBuildConfiguration;
			buildSettings = {
				ALWAYS_SEARCH_USER_PATHS = NO;
				CLANG_ANALYZER_NONNULL = YES;
				CLANG_CXX_LANGUAGE_STANDARD = "gnu++0x";
				CLANG_CXX_LIBRARY = "libc++";
				CLANG_ENABLE_MODULES = YES;
				CLANG_ENABLE_OBJC_ARC = YES;
				CLANG_WARN_BOOL_CONVERSION = YES;
				CLANG_WARN_CONSTANT_CONVERSION = YES;
				CLANG_WARN_DIRECT_OBJC_ISA_USAGE = YES_ERROR;
				CLANG_WARN_DOCUMENTATION_COMMENTS = YES;
				CLANG_WARN_EMPTY_BODY = YES;
				CLANG_WARN_ENUM_CONVERSION = YES;
				CLANG_WARN_INFINITE_RECURSION = YES;
				CLANG_WARN_INT_CONVERSION = YES;
				CLANG_WARN_OBJC_ROOT_CLASS = YES_ERROR;
				CLANG_WARN_SUSPICIOUS_MOVES = YES;
				CLANG_WARN_UNREACHABLE_CODE = YES;
				CLANG_WARN__DUPLICATE_METHOD_MATCH = YES;
				"CODE_SIGN_IDENTITY[sdk=iphoneos*]" = "iPhone Developer";
				COPY_PHASE_STRIP = NO;
				DEBUG_INFORMATION_FORMAT = "dwarf-with-dsym";
				ENABLE_NS_ASSERTIONS = NO;
				ENABLE_STRICT_OBJC_MSGSEND = YES;
				GCC_C_LANGUAGE_STANDARD = gnu99;
				GCC_NO_COMMON_BLOCKS = YES;
				GCC_WARN_64_TO_32_BIT_CONVERSION = YES;
				GCC_WARN_ABOUT_RETURN_TYPE = YES_ERROR;
				GCC_WARN_UNDECLARED_SELECTOR = YES;
				GCC_WARN_UNINITIALIZED_AUTOS = YES_AGGRESSIVE;
				GCC_WARN_UNUSED_FUNCTION = YES;
				GCC_WARN_UNUSED_VARIABLE = YES;
				IPHONEOS_DEPLOYMENT_TARGET = 10.0;
				MTL_ENABLE_DEBUG_INFO = NO;
				SDKROOT = iphoneos;
				VALIDATE_PRODUCT = YES;
			};
			name = Release;
		};
		56117F891DAE820700C3B530 /* Debug */ = {
			isa = XCBuildConfiguration;
			buildSettings = {
				ASSETCATALOG_COMPILER_APPICON_NAME = AppIcon;
				INFOPLIST_FILE = SSPickerViewDemo/Info.plist;
				LD_RUNPATH_SEARCH_PATHS = "$(inherited) @executable_path/Frameworks";
				PRODUCT_BUNDLE_IDENTIFIER = silker.share.com.SSPickerViewDemo;
				PRODUCT_NAME = "$(TARGET_NAME)";
			};
			name = Debug;
		};
		56117F8A1DAE820700C3B530 /* Release */ = {
			isa = XCBuildConfiguration;
			buildSettings = {
				ASSETCATALOG_COMPILER_APPICON_NAME = AppIcon;
				INFOPLIST_FILE = SSPickerViewDemo/Info.plist;
				LD_RUNPATH_SEARCH_PATHS = "$(inherited) @executable_path/Frameworks";
				PRODUCT_BUNDLE_IDENTIFIER = silker.share.com.SSPickerViewDemo;
				PRODUCT_NAME = "$(TARGET_NAME)";
			};
			name = Release;
		};
/* End XCBuildConfiguration section */

/* Begin XCConfigurationList section */
		56117F6C1DAE820700C3B530 /* Build configuration list for PBXProject "SSPickerViewDemo" */ = {
			isa = XCConfigurationList;
			buildConfigurations = (
				56117F861DAE820700C3B530 /* Debug */,
				56117F871DAE820700C3B530 /* Release */,
			);
			defaultConfigurationIsVisible = 0;
			defaultConfigurationName = Release;
		};
		56117F881DAE820700C3B530 /* Build configuration list for PBXNativeTarget "SSPickerViewDemo" */ = {
			isa = XCConfigurationList;
			buildConfigurations = (
				56117F891DAE820700C3B530 /* Debug */,
				56117F8A1DAE820700C3B530 /* Release */,
			);
			defaultConfigurationIsVisible = 0;
		};
/* End XCConfigurationList section */
	};
	rootObject = 56117F691DAE820700C3B530 /* Project object */;
}
